lockfileVersion: '9.0'

settings:
  autoInstallPeers: true
  excludeLinksFromLockfile: false

importers:

  .:
    dependencies:
      '@antv/g6':
        specifier: ^3.5.12
        version: 3.8.5
      '@ss-cmp/design-tokens':
        specifier: workspace:*
        version: link:../design-tokens
      vue:
        specifier: ^3.4.0
        version: 3.5.32

packages:

  '@ant-design/colors@4.0.5':
    resolution: {integrity: sha512-3mnuX2prnWOWvpFTS2WH2LoouWlOgtnIpc6IarWN6GOzzLF8dW/U8UctuvIPhoboETehZfJ61XP+CGakBEPJ3Q==}

  '@antv/dom-util@2.0.4':
    resolution: {integrity: sha512-2shXUl504fKwt82T3GkuT4Uoc6p9qjCKnJ8gXGLSW4T1W37dqf9AV28aCfoVPHp2BUXpSsB+PAJX2rG/jLHsLQ==}

  '@antv/event-emitter@0.1.3':
    resolution: {integrity: sha512-4ddpsiHN9Pd4UIlWuKVK1C4IiZIdbwQvy9i7DUSI3xNJ89FPUFt8lxDYj8GzzfdllV0NkJTRxnG+FvLk0llidg==}

  '@antv/g-base@0.5.16':
    resolution: {integrity: sha512-jP06wggTubDPHXoKwFg3/f1lyxBX9ywwN3E/HG74Nd7DXqOXQis8tsIWW+O6dS/h9vyuXLd1/wDWkMMm3ZzXdg==}

  '@antv/g-canvas@0.5.17':
    resolution: {integrity: sha512-sXYJMWTOlb/Ycb6sTKu00LcJqInXJY4t99+kSM40u2OfqrXYmaXDjHR7D2V0roMkbK/QWiWS9UnEidCR1VtMOA==}

  '@antv/g-math@0.1.9':
    resolution: {integrity: sha512-KHMSfPfZ5XHM1PZnG42Q2gxXfOitYveNTA7L61lR6mhZ8Y/aExsYmHqaKBsSarU0z+6WLrl9C07PQJZaw0uljQ==}

  '@antv/g-svg@0.5.7':
    resolution: {integrity: sha512-jUbWoPgr4YNsOat2Y/rGAouNQYGpw4R0cvlN0YafwOyacFFYy2zC8RslNd6KkPhhR3XHNSqJOuCYZj/YmLUwYw==}

  '@antv/g6@3.8.5':
    resolution: {integrity: sha512-q+Fomc5ogcdcJ9usgYUVHzB8lFR5XHi4+O1BBFzA4ERgaF255xtrIpP631cD2wjByDq/9MbBCSpFqeOgBg2eOg==}

  '@antv/gl-matrix@2.7.1':
    resolution: {integrity: sha512-oOWcVNlpELIKi9x+Mm1Vwbz8pXfkbJKykoCIOJ/dNK79hSIANbpXJ5d3Rra9/wZqK6MC961B7sybFhPlLraT3Q==}

  '@antv/hierarchy@0.6.14':
    resolution: {integrity: sha512-V3uknf7bhynOqQDw2sg+9r9DwZ9pc6k/EcqyTFdfXB1+ydr7urisP0MipIuimucvQKN+Qkd+d6w601r1UIroqQ==}

  '@antv/matrix-util@2.0.7':
    resolution: {integrity: sha512-bogifQY8jplWtSTZsPqBOdBlDdkM7IwDqYL8eMYL8OaSyOPCS7l9bnEQjQ9qTAwfCd7wHTuPoCnCpbiR8BYFvQ==}

  '@antv/matrix-util@3.0.4':
    resolution: {integrity: sha512-BAPyu6dUliHcQ7fm9hZSGKqkwcjEDVLVAstlHULLvcMZvANHeLXgHEgV7JqcAV/GIhIz8aZChIlzM1ZboiXpYQ==}

  '@antv/matrix-util@3.1.0-beta.3':
    resolution: {integrity: sha512-W2R6Za3A6CmG51Y/4jZUM/tFgYSq7vTqJL1VD9dKrvwxS4sE0ZcXINtkp55CdyBwJ6Cwm8pfoRpnD4FnHahN0A==}

  '@antv/path-util@2.0.15':
    resolution: {integrity: sha512-R2VLZ5C8PLPtr3VciNyxtjKqJ0XlANzpFb5sE9GE61UQqSRuSVSzIakMxjEPrpqbgc+s+y8i+fmc89Snu7qbNw==}

  '@antv/scale@0.3.18':
    resolution: {integrity: sha512-GHwE6Lo7S/Q5fgaLPaCsW+CH+3zl4aXpnN1skOiEY0Ue9/u+s2EySv6aDXYkAqs//i0uilMDD/0/4n8caX9U9w==}

  '@antv/util@2.0.17':
    resolution: {integrity: sha512-o6I9hi5CIUvLGDhth0RxNSFDRwXeywmt6ExR4+RmVAzIi48ps6HUy+svxOCayvrPBN37uE6TAc2KDofRo0nK9Q==}

  '@babel/helper-string-parser@7.27.1':
    resolution: {integrity: sha512-qMlSxKbpRlAridDExk92nSobyDdpPijUq2DW6oDnUqd0iOGxmQjyqhMIihI9+zv4LPyZdRje2cavWPbCbWm3eA==}
    engines: {node: '>=6.9.0'}

  '@babel/helper-validator-identifier@7.28.5':
    resolution: {integrity: sha512-qSs4ifwzKJSV39ucNjsvc6WVHs6b7S03sOh2OcHF9UHfVPqWWALUsNUVzhSBiItjRZoLHx7nIarVjqKVusUZ1Q==}
    engines: {node: '>=6.9.0'}

  '@babel/parser@7.29.2':
    resolution: {integrity: sha512-4GgRzy/+fsBa72/RZVJmGKPmZu9Byn8o4MoLpmNe1m8ZfYnz5emHLQz3U4gLud6Zwl0RZIcgiLD7Uq7ySFuDLA==}
    engines: {node: '>=6.0.0'}
    hasBin: true

  '@babel/types@7.29.0':
    resolution: {integrity: sha512-LwdZHpScM4Qz8Xw2iKSzS+cfglZzJGvofQICy7W7v4caru4EaAmyUuO6BGrbyQ2mYV11W0U8j5mBhd14dd3B0A==}
    engines: {node: '>=6.9.0'}

  '@jridgewell/sourcemap-codec@1.5.5':
    resolution: {integrity: sha512-cYQ9310grqxueWbl+WuIUIaiUaDcj7WOq5fVhEljNVgRfOUhY9fy2zTvfoqWsnebh8Sl70VScFbICvJnLKB0Og==}

  '@types/d3-timer@2.0.3':
    resolution: {integrity: sha512-jhAJzaanK5LqyLQ50jJNIrB8fjL9gwWZTgYjevPvkDLMU+kTAZkYsobI59nYoeSrH1PucuyJEi247Pb90t6XUg==}

  '@vue/compiler-core@3.5.32':
    resolution: {integrity: sha512-4x74Tbtqnda8s/NSD6e1Dr5p1c8HdMU5RWSjMSUzb8RTcUQqevDCxVAitcLBKT+ie3o0Dl9crc/S/opJM7qBGQ==}

  '@vue/compiler-dom@3.5.32':
    resolution: {integrity: sha512-ybHAu70NtiEI1fvAUz3oXZqkUYEe5J98GjMDpTGl5iHb0T15wQYLR4wE3h9xfuTNA+Cm2f4czfe8B4s+CCH57Q==}

  '@vue/compiler-sfc@3.5.32':
    resolution: {integrity: sha512-8UYUYo71cP/0YHMO814TRZlPuUUw3oifHuMR7Wp9SNoRSrxRQnhMLNlCeaODNn6kNTJsjFoQ/kqIj4qGvya4Xg==}

  '@vue/compiler-ssr@3.5.32':
    resolution: {integrity: sha512-Gp4gTs22T3DgRotZ8aA/6m2jMR+GMztvBXUBEUOYOcST+giyGWJ4WvFd7QLHBkzTxkfOt8IELKNdpzITLbA2rw==}

  '@vue/reactivity@3.5.32':
    resolution: {integrity: sha512-/ORasxSGvZ6MN5gc+uE364SxFdJ0+WqVG0CENXaGW58TOCdrAW76WWaplDtECeS1qphvtBZtR+3/o1g1zL4xPQ==}

  '@vue/runtime-core@3.5.32':
    resolution: {integrity: sha512-pDrXCejn4UpFDFmMd27AcJEbHaLemaE5o4pbb7sLk79SRIhc6/t34BQA7SGNgYtbMnvbF/HHOftYBgFJtUoJUQ==}

  '@vue/runtime-dom@3.5.32':
    resolution: {integrity: sha512-1CDVv7tv/IV13V8Nip1k/aaObVbWqRlVCVezTwx3K07p7Vxossp5JU1dcPNhJk3w347gonIUT9jQOGutyJrSVQ==}

  '@vue/server-renderer@3.5.32':
    resolution: {integrity: sha512-IOjm2+JQwRFS7W28HNuJeXQle9KdZbODFY7hFGVtnnghF51ta20EWAZJHX+zLGtsHhaU6uC9BGPV52KVpYryMQ==}
    peerDependencies:
      vue: 3.5.32

  '@vue/shared@3.5.32':
    resolution: {integrity: sha512-ksNyrmRQzWJJ8n3cRDuSF7zNNontuJg1YHnmWRJd2AMu8Ij2bqwiiri2lH5rHtYPZjj4STkNcgcmiQqlOjiYGg==}

  color-convert@1.9.3:
    resolution: {integrity: sha512-QfAUtd+vFdAtFQcC8CCyYt1fYWxSqAiK2cSD6zDB8N3cpsEBAvRxp9zOGg6G/SHHJYAT88/az/IuDGALsNVbGg==}

  color-name@1.1.3:
    resolution: {integrity: sha512-72fSenhMw2HZMTVHeCA9KCmpEIbzWiQsjN+BHcBbS9vr1mtt+vJjPdksIBNUmKAW8TFUDPJK5SUU3QhE9NEXDw==}

  color-name@1.1.4:
    resolution: {integrity: sha512-dOy+3AuW3a2wNbZHIuMZpTcgjGuLU/uBL/ubcZF9OXbDo8ff4O8yVp5Bf0efS8uEoYo5q4Fx7dY9OgQGXgAsQA==}

  color-string@1.9.1:
    resolution: {integrity: sha512-shrVawQFojnZv6xM40anx4CkoDP+fZsw/ZerEMsW/pyzsRbElpsL/DBVW7q3ExxwusdNXI3lXpuhEZkzs8p5Eg==}

  color@3.2.1:
    resolution: {integrity: sha512-aBl7dZI9ENN6fUGC7mWpMTPNHmWUSNan9tuWN6ahh5ZLNk9baLJOnSMlrQkHcrfFgz2/RigjUVAjdx36VcemKA==}

  csstype@3.2.3:
    resolution: {integrity: sha512-z1HGKcYy2xA8AGQfwrn0PAy+PB7X/GSj3UVJW9qKyn43xWa+gl5nXmU4qqLMRzWVLFC8KusUX8T/0kCiOYpAIQ==}

  d3-color@3.1.0:
    resolution: {integrity: sha512-zg/chbXyeBtMQ1LbD/WSoW2DpC3I0mpmPdW+ynRTj/x2DAWYrIY7qeZIHidozwV24m4iavr15lNwIwLxRmOxhA==}
    engines: {node: '>=12'}

  d3-dispatch@2.0.0:
    resolution: {integrity: sha512-S/m2VsXI7gAti2pBoLClFFTMOO1HTtT0j99AuXLoGFKO6deHDdnv6ZGTxSTTUTgO1zVcv82fCOtDjYK4EECmWA==}

  d3-ease@1.0.7:
    resolution: {integrity: sha512-lx14ZPYkhNx0s/2HX5sLFUI3mbasHjSSpwO/KaaNACweVwxUruKyWVcb293wMv1RqTPZyZ8kSZ2NogUZNcLOFQ==}

  d3-force@2.1.1:
    resolution: {integrity: sha512-nAuHEzBqMvpFVMf9OX75d00OxvOXdxY+xECIXjW6Gv8BRrXu6gAWbv/9XKrvfJ5i5DCokDW7RYE50LRoK092ew==}

  d3-interpolate@3.0.1:
    resolution: {integrity: sha512-3bYs1rOD33uo8aqJfKP3JWPAibgw8Zm2+L9vBKEHJ2Rg+viTR7o5Mmv5mZcieN+FRYaAOWX5SJATX6k1PWz72g==}
    engines: {node: '>=12'}

  d3-quadtree@2.0.0:
    resolution: {integrity: sha512-b0Ed2t1UUalJpc3qXzKi+cPGxeXRr4KU9YSlocN74aTzp6R/Ud43t79yLLqxHRWZfsvWXmbDWPpoENK1K539xw==}

  d3-timer@1.0.10:
    resolution: {integrity: sha512-B1JDm0XDaQC+uvo4DT79H0XmBskgS3l6Ve+1SBCfxgmtIb1AVrPIoqd+nPSv+loMX8szQ0sVUhGngL7D5QPiXw==}

  d3-timer@2.0.0:
    resolution: {integrity: sha512-TO4VLh0/420Y/9dO3+f9abDEFYeCUr2WZRlxJvbp4HPTQcSylXNiL6yZa9FIUvV1yRiFufl1bszTCLDqv9PWNA==}

  dagre@0.8.5:
    resolution: {integrity: sha512-/aTqmnRta7x7MCCpExk7HQL2O4owCT2h8NT//9I1OQ9vt29Pa0BzSAkR5lwFUcQ7491yVi/3CXU9jQ5o0Mn2Sw==}

  detect-browser@5.3.0:
    resolution: {integrity: sha512-53rsFbGdwMwlF7qvCt0ypLM5V5/Mbl0szB7GPN8y9NCcbknYOeVVXdrXEq+90IwAfrrzt6Hd+u2E2ntakICU8w==}

  entities@7.0.1:
    resolution: {integrity: sha512-TWrgLOFUQTH994YUyl1yT4uyavY5nNB5muff+RtWaqNVCAK408b5ZnnbNAUEWLTCpum9w6arT70i1XdQ4UeOPA==}
    engines: {node: '>=0.12'}

  estree-walker@2.0.2:
    resolution: {integrity: sha512-Rfkk/Mp/DL7JVje3u18FxFujQlTNR2q6QfMSMB7AvCBx91NGj/ba3kCfza0f6dVDbw7YlRf/nDrn7pQrCCyQ/w==}

  fecha@4.2.3:
    resolution: {integrity: sha512-OP2IUU6HeYKJi3i0z4A19kHMQoLVs4Hc+DPqqxI2h/DPZHTm/vjsfC6P0b4jCMy14XizLBqvndQ+UilD7707Jw==}

  gl-matrix@3.4.4:
    resolution: {integrity: sha512-latSnyDNt/8zYUB6VIJ6PCh2jBjJX6gnDsoCZ7LyW7GkqrD51EWwa9qCoGixj8YqBtETQK/xY7OmpTF8xz1DdQ==}

  graphlib@2.1.8:
    resolution: {integrity: sha512-jcLLfkpoVGmH7/InMC/1hIvOPSUh38oJtGhvrOFGzioE1DZ+0YW16RgmOJhHiuWTvGiJQ9Z1Ik43JvkRPRvE+A==}

  insert-css@2.0.0:
    resolution: {integrity: sha512-xGq5ISgcUP5cvGkS2MMFLtPDBtrtQPSFfC6gA6U8wHKqfjTIMZLZNxOItQnoSjdOzlXOLU/yD32RKC4SvjNbtA==}

  is-any-array@3.0.0:
    resolution: {integrity: sha512-o4h+tylWykC4BD1vaejp6gDxoM13bwW8FGuNs4yIKpj8xbBJcRxJx8vZpq0dCr7ZDEfeKjmsi/euolKhX6f/ww==}

  is-arrayish@0.3.4:
    resolution: {integrity: sha512-m6UrgzFVUYawGBh1dUsWR5M2Clqic9RVXC/9f8ceNlv2IcO9j9J/z8UoCLPqtsPBFNzEpfR3xftohbfqDx8EQA==}

  lodash@4.18.1:
    resolution: {integrity: sha512-dMInicTPVE8d1e5otfwmmjlxkZoUpiVLwyeTdUsi/Caj/gfzzblBcCE5sRHV/AsjuCmxWrte2TNGSYuCeCq+0Q==}

  magic-string@0.30.21:
    resolution: {integrity: sha512-vd2F4YUyEXKGcLHoq+TEyCjxueSeHnFxyyjNp80yg0XV4vUhnDer/lvvlqM/arB5bXQN5K2/3oinyCRyx8T2CQ==}

  ml-array-max@2.0.0:
    resolution: {integrity: sha512-QQZ4kENwpWmyNb98UXRDFXrmtIXuXtt1+bSbda/2KA85+F+rrJP8hZk6QOkCQXM2Th9mUDYdq/PNByPdT9ID4A==}

  ml-array-min@2.0.0:
    resolution: {integrity: sha512-GRj6Ky6sW9vGL6yIjgsHmXZ9YgrdmcQ8nCxPqEGeKc6dkfYg1XDYxGFxADUjNuZyoCd5PUscWAS4N+cFaX6hFg==}

  ml-array-rescale@2.0.0:
    resolution: {integrity: sha512-2GGtKfSno94/kIloWGvpp/U5Q5vLvLrza+SAaGsLeo6Xj4mEbA6Gqx+oTfZFkxnd1grT2X007HfJNs3T5BsiVg==}

  ml-matrix@6.12.2:
    resolution: {integrity: sha512-GC+BnW+pBh8Auap8goAxY0senAmF0IEoc3HNVSfnfbvGw0buuDIYb9kAKMS1l+GiwJ1rfK2bzJ8IHhwjzATSFA==}

  nanoid@3.3.11:
    resolution: {integrity: sha512-N8SpfPUnUp1bK+PMYW8qSWdl9U+wwNWI4QKxOYDy9JAro3WMX7p2OeVRF9v+347pnakNevPmiHhNmZ2HbFA76w==}
    engines: {node: ^10 || ^12 || ^13.7 || ^14 || >=15.0.1}
    hasBin: true

  picocolors@1.1.1:
    resolution: {integrity: sha512-xceH2snhtb5M9liqDsmEw56le376mTZkEX/jEb/RxNFyegNul7eNslCXP9FDj/Lcu0X8KEyMceP2ntpaHrDEVA==}

  postcss@8.5.10:
    resolution: {integrity: sha512-pMMHxBOZKFU6HgAZ4eyGnwXF/EvPGGqUr0MnZ5+99485wwW41kW91A4LOGxSHhgugZmSChL5AlElNdwlNgcnLQ==}
    engines: {node: ^10 || ^12 || >=14}

  simple-swizzle@0.2.4:
    resolution: {integrity: sha512-nAu1WFPQSMNr2Zn9PGSZK9AGn4t/y97lEm+MXTtUDwfP0ksAIX4nO+6ruD9Jwut4C49SB1Ws+fbXsm/yScWOHw==}

  source-map-js@1.2.1:
    resolution: {integrity: sha512-UXWMKhLOwVKb728IUtQPXxfYU+usdybtUrK/8uGE8CQMvrhOpwvzDBwj0QhSL7MQc7vIsISBG8VQ8+IDQxpfQA==}
    engines: {node: '>=0.10.0'}

  tinycolor2@1.6.0:
    resolution: {integrity: sha512-XPaBkWQJdsf3pLKJV9p4qN/S+fm2Oj8AIPo1BTUhg5oxkvm9+SVEGFdhyOz7tTdUTfvxMiAs4sp6/eZO2Ew+pw==}

  tslib@1.14.1:
    resolution: {integrity: sha512-Xni35NKzjgMrwevysHTCArtLDpPvye8zV/0E4EyYn43P7/7qvQwPh9BGkHewbMulVntbigmcT7rdX3BNo9wRJg==}

  tslib@2.8.1:
    resolution: {integrity: sha512-oJFu94HQb+KVduSUQL7wnpmqnfmLsOA/nAh6b6EH0wCEoK0/mPeXU6c3wKDV83MkOuHPRHtSXKKU99IBazS/2w==}

  vue@3.5.32:
    resolution: {integrity: sha512-vM4z4Q9tTafVfMAK7IVzmxg34rSzTFMyIe0UUEijUCkn9+23lj0WRfA83dg7eQZIUlgOSGrkViIaCfqSAUXsMw==}
    peerDependencies:
      typescript: '*'
    peerDependenciesMeta:
      typescript:
        optional: true

snapshots:

  '@ant-design/colors@4.0.5':
    dependencies:
      tinycolor2: 1.6.0

  '@antv/dom-util@2.0.4':
    dependencies:
      tslib: 2.8.1

  '@antv/event-emitter@0.1.3': {}

  '@antv/g-base@0.5.16':
    dependencies:
      '@antv/event-emitter': 0.1.3
      '@antv/g-math': 0.1.9
      '@antv/matrix-util': 3.1.0-beta.3
      '@antv/path-util': 2.0.15
      '@antv/util': 2.0.17
      '@types/d3-timer': 2.0.3
      d3-ease: 1.0.7
      d3-interpolate: 3.0.1
      d3-timer: 1.0.10
      detect-browser: 5.3.0
      tslib: 2.8.1

  '@antv/g-canvas@0.5.17':
    dependencies:
      '@antv/g-base': 0.5.16
      '@antv/g-math': 0.1.9
      '@antv/matrix-util': 3.1.0-beta.3
      '@antv/path-util': 2.0.15
      '@antv/util': 2.0.17
      gl-matrix: 3.4.4
      tslib: 2.8.1

  '@antv/g-math@0.1.9':
    dependencies:
      '@antv/util': 2.0.17
      gl-matrix: 3.4.4

  '@antv/g-svg@0.5.7':
    dependencies:
      '@antv/g-base': 0.5.16
      '@antv/g-math': 0.1.9
      '@antv/util': 2.0.17
      detect-browser: 5.3.0
      tslib: 2.8.1

  '@antv/g6@3.8.5':
    dependencies:
      '@ant-design/colors': 4.0.5
      '@antv/dom-util': 2.0.4
      '@antv/event-emitter': 0.1.3
      '@antv/g-base': 0.5.16
      '@antv/g-canvas': 0.5.17
      '@antv/g-math': 0.1.9
      '@antv/g-svg': 0.5.7
      '@antv/hierarchy': 0.6.14
      '@antv/matrix-util': 2.0.7
      '@antv/path-util': 2.0.15
      '@antv/scale': 0.3.18
      '@antv/util': 2.0.17
      color: 3.2.1
      d3-force: 2.1.1
      dagre: 0.8.5
      insert-css: 2.0.0
      ml-matrix: 6.12.2

  '@antv/gl-matrix@2.7.1': {}

  '@antv/hierarchy@0.6.14': {}

  '@antv/matrix-util@2.0.7':
    dependencies:
      '@antv/gl-matrix': 2.7.1
      '@antv/util': 2.0.17
      tslib: 1.14.1

  '@antv/matrix-util@3.0.4':
    dependencies:
      '@antv/util': 2.0.17
      gl-matrix: 3.4.4
      tslib: 2.8.1

  '@antv/matrix-util@3.1.0-beta.3':
    dependencies:
      '@antv/util': 2.0.17
      gl-matrix: 3.4.4
      tslib: 2.8.1

  '@antv/path-util@2.0.15':
    dependencies:
      '@antv/matrix-util': 3.0.4
      '@antv/util': 2.0.17
      tslib: 2.8.1

  '@antv/scale@0.3.18':
    dependencies:
      '@antv/util': 2.0.17
      fecha: 4.2.3
      tslib: 2.8.1

  '@antv/util@2.0.17':
    dependencies:
      csstype: 3.2.3
      tslib: 2.8.1

  '@babel/helper-string-parser@7.27.1': {}

  '@babel/helper-validator-identifier@7.28.5': {}

  '@babel/parser@7.29.2':
    dependencies:
      '@babel/types': 7.29.0

  '@babel/types@7.29.0':
    dependencies:
      '@babel/helper-string-parser': 7.27.1
      '@babel/helper-validator-identifier': 7.28.5

  '@jridgewell/sourcemap-codec@1.5.5': {}

  '@types/d3-timer@2.0.3': {}

  '@vue/compiler-core@3.5.32':
    dependencies:
      '@babel/parser': 7.29.2
      '@vue/shared': 3.5.32
      entities: 7.0.1
      estree-walker: 2.0.2
      source-map-js: 1.2.1

  '@vue/compiler-dom@3.5.32':
    dependencies:
      '@vue/compiler-core': 3.5.32
      '@vue/shared': 3.5.32

  '@vue/compiler-sfc@3.5.32':
    dependencies:
      '@babel/parser': 7.29.2
      '@vue/compiler-core': 3.5.32
      '@vue/compiler-dom': 3.5.32
      '@vue/compiler-ssr': 3.5.32
      '@vue/shared': 3.5.32
      estree-walker: 2.0.2
      magic-string: 0.30.21
      postcss: 8.5.10
      source-map-js: 1.2.1

  '@vue/compiler-ssr@3.5.32':
    dependencies:
      '@vue/compiler-dom': 3.5.32
      '@vue/shared': 3.5.32

  '@vue/reactivity@3.5.32':
    dependencies:
      '@vue/shared': 3.5.32

  '@vue/runtime-core@3.5.32':
    dependencies:
      '@vue/reactivity': 3.5.32
      '@vue/shared': 3.5.32

  '@vue/runtime-dom@3.5.32':
    dependencies:
      '@vue/reactivity': 3.5.32
      '@vue/runtime-core': 3.5.32
      '@vue/shared': 3.5.32
      csstype: 3.2.3

  '@vue/server-renderer@3.5.32(vue@3.5.32)':
    dependencies:
      '@vue/compiler-ssr': 3.5.32
      '@vue/shared': 3.5.32
      vue: 3.5.32

  '@vue/shared@3.5.32': {}

  color-convert@1.9.3:
    dependencies:
      color-name: 1.1.3

  color-name@1.1.3: {}

  color-name@1.1.4: {}

  color-string@1.9.1:
    dependencies:
      color-name: 1.1.4
      simple-swizzle: 0.2.4

  color@3.2.1:
    dependencies:
      color-convert: 1.9.3
      color-string: 1.9.1

  csstype@3.2.3: {}

  d3-color@3.1.0: {}

  d3-dispatch@2.0.0: {}

  d3-ease@1.0.7: {}

  d3-force@2.1.1:
    dependencies:
      d3-dispatch: 2.0.0
      d3-quadtree: 2.0.0
      d3-timer: 2.0.0

  d3-interpolate@3.0.1:
    dependencies:
      d3-color: 3.1.0

  d3-quadtree@2.0.0: {}

  d3-timer@1.0.10: {}

  d3-timer@2.0.0: {}

  dagre@0.8.5:
    dependencies:
      graphlib: 2.1.8
      lodash: 4.18.1

  detect-browser@5.3.0: {}

  entities@7.0.1: {}

  estree-walker@2.0.2: {}

  fecha@4.2.3: {}

  gl-matrix@3.4.4: {}

  graphlib@2.1.8:
    dependencies:
      lodash: 4.18.1

  insert-css@2.0.0: {}

  is-any-array@3.0.0: {}

  is-arrayish@0.3.4: {}

  lodash@4.18.1: {}

  magic-string@0.30.21:
    dependencies:
      '@jridgewell/sourcemap-codec': 1.5.5

  ml-array-max@2.0.0:
    dependencies:
      is-any-array: 3.0.0

  ml-array-min@2.0.0:
    dependencies:
      is-any-array: 3.0.0

  ml-array-rescale@2.0.0:
    dependencies:
      is-any-array: 3.0.0
      ml-array-max: 2.0.0
      ml-array-min: 2.0.0

  ml-matrix@6.12.2:
    dependencies:
      is-any-array: 3.0.0
      ml-array-rescale: 2.0.0

  nanoid@3.3.11: {}

  picocolors@1.1.1: {}

  postcss@8.5.10:
    dependencies:
      nanoid: 3.3.11
      picocolors: 1.1.1
      source-map-js: 1.2.1

  simple-swizzle@0.2.4:
    dependencies:
      is-arrayish: 0.3.4

  source-map-js@1.2.1: {}

  tinycolor2@1.6.0: {}

  tslib@1.14.1: {}

  tslib@2.8.1: {}

  vue@3.5.32:
    dependencies:
      '@vue/compiler-dom': 3.5.32
      '@vue/compiler-sfc': 3.5.32
      '@vue/runtime-dom': 3.5.32
      '@vue/server-renderer': 3.5.32(vue@3.5.32)
      '@vue/shared': 3.5.32
